
Microsoft Visual Studio Solution File, Format Version 12.00
# Visual Studio Version 16
VisualStudioVersion = 16.0.31005.135
MinimumVisualStudioVersion = 10.0.40219.1
Project("{FAE04EC0-301F-11D3-BF4B-00C04F79EFBC}") = "UgoiraPlay", "UgoiraPlay\UgoiraPlay.csproj", "{3E3FA50C-F102-4D39-988F-B20B40CE5329}"
EndProject
Global
	GlobalSection(SolutionConfigurationPlatforms) = preSolution
		Debug|Any CPU = Debug|Any CPU
		Release|Any CPU = Release|Any CPU
	EndGlobalSection
	GlobalSection(ProjectConfigurationPlatforms) = postSolution
		{3E3FA50C-F102-4D39-988F-B20B40CE5329}.Debug|Any CPU.ActiveCfg = Debug|Any CPU
		{3E3FA50C-F102-4D39-988F-B20B40CE5329}.Debug|Any CPU.Build.0 = Debug|Any CPU
		{3E3FA50C-F102-4D39-988F-B20B40CE5329}.Release|Any CPU.ActiveCfg = Release|Any CPU
		{3E3FA50C-F102-4D39-988F-B20B40CE5329}.Release|Any CPU.Build.0 = Release|Any CPU
	EndGlobalSection
	GlobalSection(SolutionProperties) = preSolution
		HideSolutionNode = FALSE
	EndGlobalSection
	GlobalSection(ExtensibilityGlobals) = postSolution
		SolutionGuid = {6D4C9BFB-E383-4378-B4D8-A702E91BCDA6}
	EndGlobalSection
EndGlobal
